
Microsoft Visual Studio Solution File, Format Version 12.00
# Visual Studio Version 16
VisualStudioVersion = 16.0.30717.126
MinimumVisualStudioVersion = 10.0.40219.1
Project("{9A19103F-16F7-4668-BE54-9A1E7A4F7556}") = "JBHiFiChallengeWebAPI", "JBHiFiChallengeWebAPI\JBHiFiChallengeWebAPI.csproj", "{87CADE78-CF4A-446A-99B6-89ED51B375A6}"
EndProject
Project("{9A19103F-16F7-4668-BE54-9A1E7A4F7556}") = "JBHiFiChallengeWebUI", "JBHiFiChallengeWebUI\JBHiFiChallengeWebUI.csproj", "{01E8FFA5-A005-42E4-B84E-31DD41CD41DE}"
EndProject
Project("{9A19103F-16F7-4668-BE54-9A1E7A4F7556}") = "JBHiFiChallengeWeb.Tests", "JBHiFiChallengeWeb.Tests\JBHiFiChallengeWeb.Tests.csproj", "{109616F0-80B8-4414-99A2-EE8774BBD765}"
EndProject
Global
	GlobalSection(SolutionConfigurationPlatforms) = preSolution
		Debug|Any CPU = Debug|Any CPU
		Release|Any CPU = Release|Any CPU
	EndGlobalSection
	GlobalSection(ProjectConfigurationPlatforms) = postSolution
		{87CADE78-CF4A-446A-99B6-89ED51B375A6}.Debug|Any CPU.ActiveCfg = Debug|Any CPU
		{87CADE78-CF4A-446A-99B6-89ED51B375A6}.Debug|Any CPU.Build.0 = Debug|Any CPU
		{87CADE78-CF4A-446A-99B6-89ED51B375A6}.Release|Any CPU.ActiveCfg = Release|Any CPU
		{87CADE78-CF4A-446A-99B6-89ED51B375A6}.Release|Any CPU.Build.0 = Release|Any CPU
		{01E8FFA5-A005-42E4-B84E-31DD41CD41DE}.Debug|Any CPU.ActiveCfg = Debug|Any CPU
		{01E8FFA5-A005-42E4-B84E-31DD41CD41DE}.Debug|Any CPU.Build.0 = Debug|Any CPU
		{01E8FFA5-A005-42E4-B84E-31DD41CD41DE}.Release|Any CPU.ActiveCfg = Release|Any CPU
		{01E8FFA5-A005-42E4-B84E-31DD41CD41DE}.Release|Any CPU.Build.0 = Release|Any CPU
		{109616F0-80B8-4414-99A2-EE8774BBD765}.Debug|Any CPU.ActiveCfg = Debug|Any CPU
		{109616F0-80B8-4414-99A2-EE8774BBD765}.Debug|Any CPU.Build.0 = Debug|Any CPU
		{109616F0-80B8-4414-99A2-EE8774BBD765}.Release|Any CPU.ActiveCfg = Release|Any CPU
		{109616F0-80B8-4414-99A2-EE8774BBD765}.Release|Any CPU.Build.0 = Release|Any CPU
	EndGlobalSection
	GlobalSection(SolutionProperties) = preSolution
		HideSolutionNode = FALSE
	EndGlobalSection
	GlobalSection(ExtensibilityGlobals) = postSolution
		SolutionGuid = {5666E03F-AFA9-4467-BAC0-5144F173FA33}
	EndGlobalSection
EndGlobal
